<?xml version="1.0" encoding="utf-8"?>
<Project ToolsVersion="4.0" xmlns="http://schemas.microsoft.com/developer/msbuild/2003">
  <ItemGroup>
    <Filter Include="Source Files">
      <UniqueIdentifier>{4FC737F1-C7A5-4376-A066-2A32D752A2FF}</UniqueIdentifier>
      <Extensions>cpp;c;cc;cxx;c++;cppm;ixx;def;odl;idl;hpj;bat;asm;asmx</Extensions>
    </Filter>
    <Filter Include="Header Files">
      <UniqueIdentifier>{93995380-89BD-4b04-88EB-625FBE52EBFB}</UniqueIdentifier>
      <Extensions>h;hh;hpp;hxx;h++;hm;inl;inc;ipp;xsd</Extensions>
    </Filter>
    <Filter Include="Resource Files">
      <UniqueIdentifier>{67DA6AB6-F800-4c08-8B7A-83BB121AAD01}</UniqueIdentifier>
      <Extensions>rc;ico;cur;bmp;dlg;rc2;rct;bin;rgs;gif;jpg;jpeg;jpe;resx;tiff;tif;png;wav;mfcribbon-ms</Extensions>
    </Filter>
  </ItemGroup>
  <ItemGroup>
    <ClInclude Include="src\camera.h">
      <Filter>Header Files</Filter>
    </ClInclude>
    <ClInclude Include="src\geometry_renderers.h">
      <Filter>Header Files</Filter>
    </ClInclude>
    <ClInclude Include="src\mesh.h">
      <Filter>Header Files</Filter>
    </ClInclude>
    <ClInclude Include="src\model.h">
      <Filter>Header Files</Filter>
    </ClInclude>
    <ClInclude Include="src\shader.h">
      <Filter>Header Files</Filter>
    </ClInclude>
    <ClInclude Include="src\stb_image.h">
      <Filter>Header Files</Filter>
    </ClInclude>
    <ClInclude Include="src\timer.h">
      <Filter>Header Files</Filter>
    </ClInclude>
    <ClInclude Include="src\imgui\imconfig.h">
      <Filter>Header Files</Filter>
    </ClInclude>
    <ClInclude Include="src\imgui\imgui.h">
      <Filter>Header Files</Filter>
    </ClInclude>
    <ClInclude Include="src\imgui\imgui_impl_glfw.h">
      <Filter>Header Files</Filter>
    </ClInclude>
    <ClInclude Include="src\imgui\imgui_impl_opengl3.h">
      <Filter>Header Files</Filter>
    </ClInclude>
    <ClInclude Include="src\imgui\imgui_impl_opengl3_loader.h">
      <Filter>Header Files</Filter>
    </ClInclude>
    <ClInclude Include="src\imgui\imgui_internal.h">
      <Filter>Header Files</Filter>
    </ClInclude>
    <ClInclude Include="src\imgui\imstb_rectpack.h">
      <Filter>Header Files</Filter>
    </ClInclude>
    <ClInclude Include="src\imgui\imstb_textedit.h">
      <Filter>Header Files</Filter>
    </ClInclude>
    <ClInclude Include="src\imgui\imstb_truetype.h">
      <Filter>Header Files</Filter>
    </ClInclude>
  </ItemGroup>
  <ItemGroup>
    <ClCompile Include="src\imgui\imgui.cpp">
      <Filter>Source Files</Filter>
    </ClCompile>
    <ClCompile Include="src\imgui\imgui_demo.cpp">
      <Filter>Source Files</Filter>
    </ClCompile>
    <ClCompile Include="src\imgui\imgui_draw.cpp">
      <Filter>Source Files</Filter>
    </ClCompile>
    <ClCompile Include="src\imgui\imgui_impl_glfw.cpp">
      <Filter>Source Files</Filter>
    </ClCompile>
    <ClCompile Include="src\imgui\imgui_impl_opengl3.cpp">
      <Filter>Source Files</Filter>
    </ClCompile>
    <ClCompile Include="src\imgui\imgui_tables.cpp">
      <Filter>Source Files</Filter>
    </ClCompile>
    <ClCompile Include="src\imgui\imgui_widgets.cpp">
      <Filter>Source Files</Filter>
    </ClCompile>
    <ClCompile Include="src\lighting.cpp">
      <Filter>Source Files</Filter>
    </ClCompile>
  </ItemGroup>
  <ItemGroup>
    <Image Include="res\models\backpack\ao.jpg">
      <Filter>Resource Files</Filter>
    </Image>
    <Image Include="res\models\backpack\diffuse.jpg">
      <Filter>Resource Files</Filter>
    </Image>
    <Image Include="res\models\backpack\normal.png">
      <Filter>Resource Files</Filter>
    </Image>
    <Image Include="res\models\backpack\roughness.jpg">
      <Filter>Resource Files</Filter>
    </Image>
    <Image Include="res\models\backpack\specular.jpg">
      <Filter>Resource Files</Filter>
    </Image>
    <Image Include="res\models\nanosuit\arm_dif.png">
      <Filter>Resource Files</Filter>
    </Image>
    <Image Include="res\models\nanosuit\arm_showroom_ddn.png">
      <Filter>Resource Files</Filter>
    </Image>
    <Image Include="res\models\nanosuit\arm_showroom_refl.png">
      <Filter>Resource Files</Filter>
    </Image>
    <Image Include="res\models\nanosuit\arm_showroom_spec.png">
      <Filter>Resource Files</Filter>
    </Image>
    <Image Include="res\models\nanosuit\back.jpg">
      <Filter>Resource Files</Filter>
    </Image>
    <Image Include="res\models\nanosuit\body_dif.png">
      <Filter>Resource Files</Filter>
    </Image>
    <Image Include="res\models\nanosuit\body_showroom_ddn.png">
      <Filter>Resource Files</Filter>
    </Image>
    <Image Include="res\models\nanosuit\body_showroom_refl.png">
      <Filter>Resource Files</Filter>
    </Image>
    <Image Include="res\models\nanosuit\body_showroom_spec.png">
      <Filter>Resource Files</Filter>
    </Image>
    <Image Include="res\models\nanosuit\cell_arm_alpha.png">
      <Filter>Resource Files</Filter>
    </Image>
    <Image Include="res\models\nanosuit\cell_body_alpha.png">
      <Filter>Resource Files</Filter>
    </Image>
    <Image Include="res\models\nanosuit\cell_ddn.png">
      <Filter>Resource Files</Filter>
    </Image>
    <Image Include="res\models\nanosuit\cell_hand_alpha.png">
      <Filter>Resource Files</Filter>
    </Image>
    <Image Include="res\models\nanosuit\cell_helmet_alpha.png">
      <Filter>Resource Files</Filter>
    </Image>
    <Image Include="res\models\nanosuit\cell_leg_alpha.png">
      <Filter>Resource Files</Filter>
    </Image>
    <Image Include="res\models\nanosuit\front.jpg">
      <Filter>Resource Files</Filter>
    </Image>
    <Image Include="res\models\nanosuit\glass_ddn.png">
      <Filter>Resource Files</Filter>
    </Image>
    <Image Include="res\models\nanosuit\glass_dif.png">
      <Filter>Resource Files</Filter>
    </Image>
    <Image Include="res\models\nanosuit\glass_refl.png">
      <Filter>Resource Files</Filter>
    </Image>
    <Image Include="res\models\nanosuit\hand_dif.png">
      <Filter>Resource Files</Filter>
    </Image>
    <Image Include="res\models\nanosuit\hand_showroom_ddn.png">
      <Filter>Resource Files</Filter>
    </Image>
    <Image Include="res\models\nanosuit\hand_showroom_refl.png">
      <Filter>Resource Files</Filter>
    </Image>
    <Image Include="res\models\nanosuit\hand_showroom_spec.png">
      <Filter>Resource Files</Filter>
    </Image>
    <Image Include="res\models\nanosuit\helmet_diff.png">
      <Filter>Resource Files</Filter>
    </Image>
    <Image Include="res\models\nanosuit\helmet_showroom_ddn.png">
      <Filter>Resource Files</Filter>
    </Image>
    <Image Include="res\models\nanosuit\helmet_showroom_refl.png">
      <Filter>Resource Files</Filter>
    </Image>
    <Image Include="res\models\nanosuit\helmet_showroom_spec.png">
      <Filter>Resource Files</Filter>
    </Image>
    <Image Include="res\models\nanosuit\leg_dif.png">
      <Filter>Resource Files</Filter>
    </Image>
    <Image Include="res\models\nanosuit\leg_showroom_ddn.png">
      <Filter>Resource Files</Filter>
    </Image>
    <Image Include="res\models\nanosuit\leg_showroom_refl.png">
      <Filter>Resource Files</Filter>
    </Image>
    <Image Include="res\models\nanosuit\leg_showroom_spec.png">
      <Filter>Resource Files</Filter>
    </Image>
  </ItemGroup>
  <ItemGroup>
    <None Include="res\models\backpack\backpack.mtl" />
    <None Include="res\models\nanosuit\nanosuit.mtl" />
    <None Include="README.md" />
    <None Include="res\shaders\pbr_lighting.vs" />
    <None Include="res\shaders\pbr_lighting.fs" />
  </ItemGroup>
  <ItemGroup>
    <Text Include="res\models\backpack\source_attribution.txt" />
  </ItemGroup>
</Project>